
Microsoft Visual Studio Solution File, Format Version 12.00
# Visual Studio Version 16
VisualStudioVersion = 16.0.31605.320
MinimumVisualStudioVersion = 10.0.40219.1
Project("{FAE04EC0-301F-11D3-BF4B-00C04F79EFBC}") = "desafioWinForms_FranciscoLiñan", "desafioWinForms_FranciscoLiñan\desafioWinForms_FranciscoLiñan.csproj", "{AD5FCE7C-BDB4-4230-B929-2F2F3FFF1992}"
EndProject
Global
	GlobalSection(SolutionConfigurationPlatforms) = preSolution
		Debug|Any CPU = Debug|Any CPU
		Release|Any CPU = Release|Any CPU
	EndGlobalSection
	GlobalSection(ProjectConfigurationPlatforms) = postSolution
		{AD5FCE7C-BDB4-4230-B929-2F2F3FFF1992}.Debug|Any CPU.ActiveCfg = Debug|Any CPU
		{AD5FCE7C-BDB4-4230-B929-2F2F3FFF1992}.Debug|Any CPU.Build.0 = Debug|Any CPU
		{AD5FCE7C-BDB4-4230-B929-2F2F3FFF1992}.Release|Any CPU.ActiveCfg = Release|Any CPU
		{AD5FCE7C-BDB4-4230-B929-2F2F3FFF1992}.Release|Any CPU.Build.0 = Release|Any CPU
	EndGlobalSection
	GlobalSection(SolutionProperties) = preSolution
		HideSolutionNode = FALSE
	EndGlobalSection
	GlobalSection(ExtensibilityGlobals) = postSolution
		SolutionGuid = {9AA6CAF8-A962-4E24-8AE8-90DFAA83D8D5}
	EndGlobalSection
EndGlobal
